# This file is automatically @generated by Poetry 1.8.2 and should not be changed by hand.

[[package]]
name = "kojo-fan-art"
version = "0.1.1"
description = "Fan art project for \"Lonely Castle in the Mirror\"(『かがみの孤城』)"
optional = false
python-versions = ">=3.9"
files = [
    {file = "kojo-fan-art-0.1.1.tar.gz", hash = "sha256:32539cffff9bce778103050cf229c6699f7c72a7a6ee75e3699f2fe452ab8ffb"},
    {file = "kojo_fan_art-0.1.1-py3-none-any.whl", hash = "sha256:ce74a9573f281d6bca04d88f0fa24c742c5cc6946a3ae26d332465dedd751833"},
]

[package.extras]
dev = ["autoflake", "black", "flake8", "freezegun", "isort", "mypy", "pytest", "pytest-randomly", "pyupgrade", "taskipy"]

[metadata]
lock-version = "2.0"
python-versions = "^3.10"
content-hash = "8949149c3a2aa2a5b9df17f609baabf2b93d1d06848f010508d8dc00e2787215"
