# This file is @generated by PDM.
# It is not intended for manual editing.

[metadata]
groups = ["default"]
strategy = ["cross_platform", "inherit_metadata"]
lock_version = "4.4.1"
content_hash = "sha256:e9f351b8f18618d9a4c24286774d9a8f2d7207eeb6b471f7d13bdefd4f15423c"

[[package]]
name = "kojo-fan-art"
version = "0.1.1"
requires_python = ">=3.9"
summary = "Fan art project for \"Lonely Castle in the Mirror\"(『かがみの孤城』)"
groups = ["default"]
files = [
    {file = "kojo-fan-art-0.1.1.tar.gz", hash = "sha256:32539cffff9bce778103050cf229c6699f7c72a7a6ee75e3699f2fe452ab8ffb"},
    {file = "kojo_fan_art-0.1.1-py3-none-any.whl", hash = "sha256:ce74a9573f281d6bca04d88f0fa24c742c5cc6946a3ae26d332465dedd751833"},
]
